
Microsoft Visual Studio Solution File, Format Version 12.00
# Visual Studio Version 17
VisualStudioVersion = 17.11.35208.52
MinimumVisualStudioVersion = 10.0.40219.1
Project("{FAE04EC0-301F-11D3-BF4B-00C04F79EFBC}") = "WinFormsApp1", "WinFormsApp1\WinFormsApp1.csproj", "{02D5CCCF-FB9E-4D64-A421-86EC5FDCEF45}"
EndProject
Global
	GlobalSection(SolutionConfigurationPlatforms) = preSolution
		Debug|Any CPU = Debug|Any CPU
		Release|Any CPU = Release|Any CPU
	EndGlobalSection
	GlobalSection(ProjectConfigurationPlatforms) = postSolution
		{02D5CCCF-FB9E-4D64-A421-86EC5FDCEF45}.Debug|Any CPU.ActiveCfg = Debug|Any CPU
		{02D5CCCF-FB9E-4D64-A421-86EC5FDCEF45}.Debug|Any CPU.Build.0 = Debug|Any CPU
		{02D5CCCF-FB9E-4D64-A421-86EC5FDCEF45}.Release|Any CPU.ActiveCfg = Release|Any CPU
		{02D5CCCF-FB9E-4D64-A421-86EC5FDCEF45}.Release|Any CPU.Build.0 = Release|Any CPU
	EndGlobalSection
	GlobalSection(SolutionProperties) = preSolution
		HideSolutionNode = FALSE
	EndGlobalSection
	GlobalSection(ExtensibilityGlobals) = postSolution
		SolutionGuid = {EF2DBB44-FED0-4ECF-B971-E2AF7BA8A5BF}
	EndGlobalSection
EndGlobal
